# Generated by pub
# See http://pub.dartlang.org/doc/glossary.html#lockfile
packages:
  console:
    description: console
    source: hosted
    version: "2.2.3"
  matcher:
    description: matcher
    source: hosted
    version: "0.11.4+4"
  quiver:
    description: quiver
    source: hosted
    version: "0.21.3"
  vector_math:
    description: vector_math
    source: hosted
    version: "1.4.3"
